{
	"requires": true,
	"lockfileVersion": 1,
	"dependencies": {
		"is-observable": {
			"version": "1.1.0",
			"resolved": "https://registry.npmjs.org/is-observable/-/is-observable-1.1.0.tgz",
			"integrity": "sha512-NqCa4Sa2d+u7BWc6CukaObG3Fh+CU9bvixbpcXYhy2VvYS7vVGIdAgnIS5Ks3A/cqk4rebLJ9s8zBstT2aKnIA==",
			"requires": {
				"symbol-observable": "1.2.0"
			}
		},
		"symbol-observable": {
			"version": "1.2.0",
			"resolved": "https://registry.npmjs.org/symbol-observable/-/symbol-observable-1.2.0.tgz",
			"integrity": "sha512-e900nM8RRtGhlV36KGEU9k65K3mPb1WV70OdjfxlG2EAuM1noi/E/BaW/uMhL7bPEssK8QV57vN3esixjUvcXQ=="
		}
	}
}
