{
	"requires": true,
	"lockfileVersion": 1,
	"dependencies": {
		"css-initials": {
			"version": "0.2.0",
			"resolved": "https://registry.npmjs.org/css-initials/-/css-initials-0.2.0.tgz",
			"integrity": "sha512-t80yjg0pi4VAIc5itIqLh6M+ZlA+cB+gUXEQkDR09+ExTDwLMGfJ8YviBsGW+DklIrb2k9fwB75Io8ooWXDxxw=="
		}
	}
}
